# THIS IS AN AUTOGENERATED FILE. DO NOT EDIT THIS FILE DIRECTLY.
# yarn lockfile v1


"@types/node@*":
  version "10.11.0"
  resolved "https://registry.yarnpkg.com/@types/node/-/node-10.11.0.tgz#ddd0d67a3b6c3810dd1a59e36675fa82de5e19ae"
  integrity sha512-R4Dvw6KjSYn/SpvjRchBOwXr14vVVcFXCtnM3f0aLvlJS8a599rrcEoihcP2/+Z/f75E5GNPd4aWM7j1yei9og==

"@types/tapable@*":
  version "1.0.4"
  resolved "https://registry.yarnpkg.com/@types/tapable/-/tapable-1.0.4.tgz#b4ffc7dc97b498c969b360a41eee247f82616370"
  integrity sha512-78AdXtlhpCHT0K3EytMpn4JNxaf5tbqbLcbIRoQIHzpTIyjpxLQKRoxU55ujBXAtg3Nl2h/XWvfDa9dsMOd0pQ==

"@types/uglify-js@*":
  version "3.0.3"
  resolved "https://registry.yarnpkg.com/@types/uglify-js/-/uglify-js-3.0.3.tgz#801a5ca1dc642861f47c46d14b700ed2d610840b"
  integrity sha512-MAT0BW2ruO0LhQKjvlipLGCF/Yx0y/cj+tT67tK3QIQDrM2+9R78HgJ54VlrE8AbfjYJJBCQCEPM5ZblPVTuww==
  dependencies:
    source-map "^0.6.1"

"@types/webpack@*":
  version "4.4.12"
  resolved "https://registry.yarnpkg.com/@types/webpack/-/webpack-4.4.12.tgz#79094b4c51ab1cf8f41f55bfe270c150bf0c0528"
  integrity sha512-qCBVNh3EODnbZVHLqqjBlxIJ9qo9JxhcT2iRe4cQEGWahe4fd56VVmcGQKjE2dUgSsFRCxAZhUKLtec2B06r2g==
  dependencies:
    "@types/node" "*"
    "@types/tapable" "*"
    "@types/uglify-js" "*"
    source-map "^0.6.0"

ansi-colors@^3.0.0:
  version "3.0.6"
  resolved "https://registry.yarnpkg.com/ansi-colors/-/ansi-colors-3.0.6.tgz#a0b9e00e8c1cc6685b1c3130dbeb9abed03ca6a4"
  integrity sha512-rY3B55KSBMMARmGXtzaG5o+kqnCrEF99rngBq5fV+cbwJepVGhDT8eB7UhSDwsJxNsMzSQDLQAyWmgi9pfzssQ==

source-map@^0.6.0, source-map@^0.6.1:
  version "0.6.1"
  resolved "https://registry.yarnpkg.com/source-map/-/source-map-0.6.1.tgz#74722af32e9614e9c287a8d0bbde48b5e2f1a263"
  integrity sha512-UjgapumWlbMhkBgzT7Ykc5YXUT46F0iKu8SGXq0bcwP5dz/h0Plj6enJqjz1Zbq2l5WaqYnrVbwWOWMyF3F47g==

"typescript@>= 2.7":
  version "3.0.3"
  resolved "https://registry.yarnpkg.com/typescript/-/typescript-3.0.3.tgz#4853b3e275ecdaa27f78fda46dc273a7eb7fc1c8"
  integrity sha512-kk80vLW9iGtjMnIv11qyxLqZm20UklzuR2tL0QAnDIygIUIemcZMxlMWudl9OOt76H3ntVzcTiddQ1/pAAJMYg==

uuid@^3.3.2:
  version "3.3.2"
  resolved "https://registry.yarnpkg.com/uuid/-/uuid-3.3.2.tgz#1b4af4955eb3077c501c23872fc6513811587131"
  integrity sha512-yXJmeNaw3DnnKAOKJE51sL/ZaYfWJRl1pK9dr19YFCu0ObS231AB1/LbqTKRAQ5kw8A90rA6fr4riOUpTZvQZA==

webpack-log@^2.0.0:
  version "2.0.0"
  resolved "https://registry.yarnpkg.com/webpack-log/-/webpack-log-2.0.0.tgz#5b7928e0637593f119d32f6227c1e0ac31e1b47f"
  integrity sha512-cX8G2vR/85UYG59FgkoMamwHUIkSSlV3bBMRsbxVXVUk2j6NleCKjQ/WE9eYg9WY4w25O9w8wKP4rzNZFmUcUg==
  dependencies:
    ansi-colors "^3.0.0"
    uuid "^3.3.2"
