# THIS IS AN AUTOGENERATED FILE. DO NOT EDIT THIS FILE DIRECTLY.
# yarn lockfile v1


"@types/node@*":
  version "10.9.4"
  resolved "https://registry.yarnpkg.com/@types/node/-/node-10.9.4.tgz#0f4cb2dc7c1de6096055357f70179043c33e9897"

"@types/tapable@*":
  version "1.0.4"
  resolved "https://registry.yarnpkg.com/@types/tapable/-/tapable-1.0.4.tgz#b4ffc7dc97b498c969b360a41eee247f82616370"

"@types/uglify-js@*":
  version "3.0.3"
  resolved "https://registry.yarnpkg.com/@types/uglify-js/-/uglify-js-3.0.3.tgz#801a5ca1dc642861f47c46d14b700ed2d610840b"
  dependencies:
    source-map "^0.6.1"

"@types/webpack@*":
  version "4.4.11"
  resolved "https://registry.yarnpkg.com/@types/webpack/-/webpack-4.4.11.tgz#0ca832870d55c4e92498c01d22d00d02b0f62ae9"
  dependencies:
    "@types/node" "*"
    "@types/tapable" "*"
    "@types/uglify-js" "*"
    source-map "^0.6.0"

source-map@^0.6.0, source-map@^0.6.1:
  version "0.6.1"
  resolved "https://registry.yarnpkg.com/source-map/-/source-map-0.6.1.tgz#74722af32e9614e9c287a8d0bbde48b5e2f1a263"

tslib@^1.9.3:
  version "1.9.3"
  resolved "https://registry.yarnpkg.com/tslib/-/tslib-1.9.3.tgz#d7e4dd79245d85428c4d7e4822a79917954ca286"

"typescript@>= 2.7":
  version "3.0.3"
  resolved "https://registry.yarnpkg.com/typescript/-/typescript-3.0.3.tgz#4853b3e275ecdaa27f78fda46dc273a7eb7fc1c8"
